lockfileVersion: '9.0'

settings:
  autoInstallPeers: true
  excludeLinksFromLockfile: false

importers:

  .:
    dependencies:
      bcrypt:
        specifier: ^6.0.0
        version: 6.0.0
      bcryptjs:
        specifier: ^3.0.2
        version: 3.0.2

packages:

  bcrypt@6.0.0:
    resolution: {integrity: sha512-cU8v/EGSrnH+HnxV2z0J7/blxH8gq7Xh2JFT6Aroax7UohdmiJJlxApMxtKfuI7z68NvvVcmR78k2LbT6efhRg==}
    engines: {node: '>= 18'}

  bcryptjs@3.0.2:
    resolution: {integrity: sha512-k38b3XOZKv60C4E2hVsXTolJWfkGRMbILBIe2IBITXciy5bOsTKot5kDrf3ZfufQtQOUN5mXceUEpU1rTl9Uog==}
    hasBin: true

  node-addon-api@8.5.0:
    resolution: {integrity: sha512-/bRZty2mXUIFY/xU5HLvveNHlswNJej+RnxBjOMkidWfwZzgTbPG1E3K5TOxRLOR+5hX7bSofy8yf1hZevMS8A==}
    engines: {node: ^18 || ^20 || >= 21}

  node-gyp-build@4.8.4:
    resolution: {integrity: sha512-LA4ZjwlnUblHVgq0oBF3Jl/6h/Nvs5fzBLwdEF4nuxnFdsfajde4WfxtJr3CaiH+F6ewcIB/q4jQ4UzPyid+CQ==}
    hasBin: true

snapshots:

  bcrypt@6.0.0:
    dependencies:
      node-addon-api: 8.5.0
      node-gyp-build: 4.8.4

  bcryptjs@3.0.2: {}

  node-addon-api@8.5.0: {}

  node-gyp-build@4.8.4: {}
